
Microsoft Visual Studio Solution File, Format Version 12.00
# Visual Studio Version 17
VisualStudioVersion = 17.4.33213.308
MinimumVisualStudioVersion = 10.0.40219.1
Project("{FAE04EC0-301F-11D3-BF4B-00C04F79EFBC}") = "POC_FunctionApp2", "POC_FunctionApp2\POC_FunctionApp2.csproj", "{BDFA5C81-C23C-4466-857C-BF2B68FF3B59}"
EndProject
Global
	GlobalSection(SolutionConfigurationPlatforms) = preSolution
		Debug|Any CPU = Debug|Any CPU
		Release|Any CPU = Release|Any CPU
	EndGlobalSection
	GlobalSection(ProjectConfigurationPlatforms) = postSolution
		{BDFA5C81-C23C-4466-857C-BF2B68FF3B59}.Debug|Any CPU.ActiveCfg = Debug|Any CPU
		{BDFA5C81-C23C-4466-857C-BF2B68FF3B59}.Debug|Any CPU.Build.0 = Debug|Any CPU
		{BDFA5C81-C23C-4466-857C-BF2B68FF3B59}.Release|Any CPU.ActiveCfg = Release|Any CPU
		{BDFA5C81-C23C-4466-857C-BF2B68FF3B59}.Release|Any CPU.Build.0 = Release|Any CPU
	EndGlobalSection
	GlobalSection(SolutionProperties) = preSolution
		HideSolutionNode = FALSE
	EndGlobalSection
	GlobalSection(ExtensibilityGlobals) = postSolution
		SolutionGuid = {91BD7894-C8E1-48E2-8106-820E17199962}
	EndGlobalSection
EndGlobal
